
Microsoft Visual Studio Solution File, Format Version 12.00
# Visual Studio Version 17
VisualStudioVersion = 17.14.36623.8 d17.14
MinimumVisualStudioVersion = 10.0.40219.1
Project("{FAE04EC0-301F-11D3-BF4B-00C04F79EFBC}") = "MyLms", "MyLms\MyLms.csproj", "{FCD111DB-C071-4FE6-B40F-76AC0FC6E76F}"
EndProject
Global
	GlobalSection(SolutionConfigurationPlatforms) = preSolution
		Debug|Any CPU = Debug|Any CPU
		Release|Any CPU = Release|Any CPU
	EndGlobalSection
	GlobalSection(ProjectConfigurationPlatforms) = postSolution
		{FCD111DB-C071-4FE6-B40F-76AC0FC6E76F}.Debug|Any CPU.ActiveCfg = Debug|Any CPU
		{FCD111DB-C071-4FE6-B40F-76AC0FC6E76F}.Debug|Any CPU.Build.0 = Debug|Any CPU
		{FCD111DB-C071-4FE6-B40F-76AC0FC6E76F}.Release|Any CPU.ActiveCfg = Release|Any CPU
		{FCD111DB-C071-4FE6-B40F-76AC0FC6E76F}.Release|Any CPU.Build.0 = Release|Any CPU
	EndGlobalSection
	GlobalSection(SolutionProperties) = preSolution
		HideSolutionNode = FALSE
	EndGlobalSection
	GlobalSection(ExtensibilityGlobals) = postSolution
		SolutionGuid = {F791DE32-642C-4B26-AB4B-004A1651A8F6}
	EndGlobalSection
EndGlobal
